// !$*UTF8*$!
{
	archiveVersion = 1;
	classes = {
	};
	objectVersion = 46;
	objects = {

/* Begin PBXBuildFile section */
		19F4318B1EC8AF2B00884C6F /* AppDelegate.swift in Sources */ = {isa = PBXBuildFile; fileRef = 19F4318A1EC8AF2B00884C6F /* AppDelegate.swift */; };
		19F4318D1EC8AF2B00884C6F /* ViewController.swift in Sources */ = {isa = PBXBuildFile; fileRef = 19F4318C1EC8AF2B00884C6F /* ViewController.swift */; };
		19F431901EC8AF2B00884C6F /* Main.storyboard in Resources */ = {isa = PBXBuildFile; fileRef = 19F4318E1EC8AF2B00884C6F /* Main.storyboard */; };
		19F431931EC8AF2C00884C6F /* DoIt.xcdatamodeld in Sources */ = {isa = PBXBuildFile; fileRef = 19F431911EC8AF2C00884C6F /* DoIt.xcdatamodeld */; };
		19F431951EC8AF2C00884C6F /* Assets.xcassets in Resources */ = {isa = PBXBuildFile; fileRef = 19F431941EC8AF2C00884C6F /* Assets.xcassets */; };
		19F431981EC8AF2D00884C6F /* LaunchScreen.storyboard in Resources */ = {isa = PBXBuildFile; fileRef = 19F431961EC8AF2D00884C6F /* LaunchScreen.storyboard */; };
/* End PBXBuildFile section */

/* Begin PBXFileReference section */
		19F431871EC8AF2A00884C6F /* DoIt.app */ = {isa = PBXFileReference; explicitFileType = wrapper.application; includeInIndex = 0; path = DoIt.app; sourceTree = BUILT_PRODUCTS_DIR; };
		19F4318A1EC8AF2B00884C6F /* AppDelegate.swift */ = {isa = PBXFileReference; lastKnownFileType = sourcecode.swift; path = AppDelegate.swift; sourceTree = "<group>"; };
		19F4318C1EC8AF2B00884C6F /* ViewController.swift */ = {isa = PBXFileReference; lastKnownFileType = sourcecode.swift; path = ViewController.swift; sourceTree = "<group>"; };
		19F4318F1EC8AF2B00884C6F /* Base */ = {isa = PBXFileReference; lastKnownFileType = file.storyboard; name = Base; path = Base.lproj/Main.storyboard; sourceTree = "<group>"; };
		19F431921EC8AF2C00884C6F /* DoIt.xcdatamodel */ = {isa = PBXFileReference; lastKnownFileType = wrapper.xcdatamodel; path = DoIt.xcdatamodel; sourceTree = "<group>"; };
		19F431941EC8AF2C00884C6F /* Assets.xcassets */ = {isa = PBXFileReference; lastKnownFileType = folder.assetcatalog; path = Assets.xcassets; sourceTree = "<group>"; };
		19F431971EC8AF2D00884C6F /* Base */ = {isa = PBXFileReference; lastKnownFileType = file.storyboard; name = Base; path = Base.lproj/LaunchScreen.storyboard; sourceTree = "<group>"; };
		19F431991EC8AF2D00884C6F /* Info.plist */ = {isa = PBXFileReference; lastKnownFileType = text.plist.xml; path = Info.plist; sourceTree = "<group>"; };
/* End PBXFileReference section */

/* Begin PBXFrameworksBuildPhase section */
		19F431841EC8AF2A00884C6F /* Frameworks */ = {
			isa = PBXFrameworksBuildPhase;
			buildActionMask = 2147483647;
			files = (
			);
			runOnlyForDeploymentPostprocessing = 0;
		};
/* End PBXFrameworksBuildPhase section */

/* Begin PBXGroup section */
		19F4317E1EC8AF2A00884C6F = {
			isa = PBXGroup;
			children = (
				19F431891EC8AF2B00884C6F /* DoIt */,
				19F431881EC8AF2A00884C6F /* Products */,
			);
			sourceTree = "<group>";
		};
		19F431881EC8AF2A00884C6F /* Products */ = {
			isa = PBXGroup;
			children = (
				19F431871EC8AF2A00884C6F /* DoIt.app */,
			);
			name = Products;
			sourceTree = "<group>";
		};
		19F431891EC8AF2B00884C6F /* DoIt */ = {
			isa = PBXGroup;
			children = (
				19F4318A1EC8AF2B00884C6F /* AppDelegate.swift */,
				19F4318C1EC8AF2B00884C6F /* ViewController.swift */,
				19F4318E1EC8AF2B00884C6F /* Main.storyboard */,
				19F431941EC8AF2C00884C6F /* Assets.xcassets */,
				19F431961EC8AF2D00884C6F /* LaunchScreen.storyboard */,
				19F431991EC8AF2D00884C6F /* Info.plist */,
				19F431911EC8AF2C00884C6F /* DoIt.xcdatamodeld */,
			);
			path = DoIt;
			sourceTree = "<group>";
		};
/* End PBXGroup section */

/* Begin PBXNativeTarget section */
		19F431861EC8AF2A00884C6F /* DoIt */ = {
			isa = PBXNativeTarget;
			buildConfigurationList = 19F4319C1EC8AF2E00884C6F /* Build configuration list for PBXNativeTarget "DoIt" */;
			buildPhases = (
				19F431831EC8AF2A00884C6F /* Sources */,
				19F431841EC8AF2A00884C6F /* Frameworks */,
				19F431851EC8AF2A00884C6F /* Resources */,
			);
			buildRules = (
			);
			dependencies = (
			);
			name = DoIt;
			productName = DoIt;
			productReference = 19F431871EC8AF2A00884C6F /* DoIt.app */;
			productType = "com.apple.product-type.application";
		};
/* End PBXNativeTarget section */

/* Begin PBXProject section */
		19F4317F1EC8AF2A00884C6F /* Project object */ = {
			isa = PBXProject;
			attributes = {
				LastSwiftUpdateCheck = 0720;
				LastUpgradeCheck = 0720;
				ORGANIZATIONNAME = "sanket shah";
				TargetAttributes = {
					19F431861EC8AF2A00884C6F = {
						CreatedOnToolsVersion = 7.2.1;
					};
				};
			};
			buildConfigurationList = 19F431821EC8AF2A00884C6F /* Build configuration list for PBXProject "DoIt" */;
			compatibilityVersion = "Xcode 3.2";
			developmentRegion = English;
			hasScannedForEncodings = 0;
			knownRegions = (
				en,
				Base,
			);
			mainGroup = 19F4317E1EC8AF2A00884C6F;
			productRefGroup = 19F431881EC8AF2A00884C6F /* Products */;
			projectDirPath = "";
			projectRoot = "";
			targets = (
				19F431861EC8AF2A00884C6F /* DoIt */,
			);
		};
/* End PBXProject section */

/* Begin PBXResourcesBuildPhase section */
		19F431851EC8AF2A00884C6F /* Resources */ = {
			isa = PBXResourcesBuildPhase;
			buildActionMask = 2147483647;
			files = (
				19F431981EC8AF2D00884C6F /* LaunchScreen.storyboard in Resources */,
				19F431951EC8AF2C00884C6F /* Assets.xcassets in Resources */,
				19F431901EC8AF2B00884C6F /* Main.storyboard in Resources */,
			);
			runOnlyForDeploymentPostprocessing = 0;
		};
/* End PBXResourcesBuildPhase section */

/* Begin PBXSourcesBuildPhase section */
		19F431831EC8AF2A00884C6F /* Sources */ = {
			isa = PBXSourcesBuildPhase;
			buildActionMask = 2147483647;
			files = (
				19F431931EC8AF2C00884C6F /* DoIt.xcdatamodeld in Sources */,
				19F4318D1EC8AF2B00884C6F /* ViewController.swift in Sources */,
				19F4318B1EC8AF2B00884C6F /* AppDelegate.swift in Sources */,
			);
			runOnlyForDeploymentPostprocessing = 0;
		};
/* End PBXSourcesBuildPhase section */

/* Begin PBXVariantGroup section */
		19F4318E1EC8AF2B00884C6F /* Main.storyboard */ = {
			isa = PBXVariantGroup;
			children = (
				19F4318F1EC8AF2B00884C6F /* Base */,
			);
			name = Main.storyboard;
			sourceTree = "<group>";
		};
		19F431961EC8AF2D00884C6F /* LaunchScreen.storyboard */ = {
			isa = PBXVariantGroup;
			children = (
				19F431971EC8AF2D00884C6F /* Base */,
			);
			name = LaunchScreen.storyboard;
			sourceTree = "<group>";
		};
/* End PBXVariantGroup section */

/* Begin XCBuildConfiguration section */
		19F4319A1EC8AF2E00884C6F /* Debug */ = {
			isa = XCBuildConfiguration;
			buildSettings = {
				ALWAYS_SEARCH_USER_PATHS = NO;
				CLANG_CXX_LANGUAGE_STANDARD = "gnu++0x";
				CLANG_CXX_LIBRARY = "libc++";
				CLANG_ENABLE_MODULES = YES;
				CLANG_ENABLE_OBJC_ARC = YES;
				CLANG_WARN_BOOL_CONVERSION = YES;
				CLANG_WARN_CONSTANT_CONVERSION = YES;
				CLANG_WARN_DIRECT_OBJC_ISA_USAGE = YES_ERROR;
				CLANG_WARN_EMPTY_BODY = YES;
				CLANG_WARN_ENUM_CONVERSION = YES;
				CLANG_WARN_INT_CONVERSION = YES;
				CLANG_WARN_OBJC_ROOT_CLASS = YES_ERROR;
				CLANG_WARN_UNREACHABLE_CODE = YES;
				CLANG_WARN__DUPLICATE_METHOD_MATCH = YES;
				"CODE_SIGN_IDENTITY[sdk=iphoneos*]" = "iPhone Developer";
				COPY_PHASE_STRIP = NO;
				DEBUG_INFORMATION_FORMAT = dwarf;
				ENABLE_STRICT_OBJC_MSGSEND = YES;
				ENABLE_TESTABILITY = YES;
				GCC_C_LANGUAGE_STANDARD = gnu99;
				GCC_DYNAMIC_NO_PIC = NO;
				GCC_NO_COMMON_BLOCKS = YES;
				GCC_OPTIMIZATION_LEVEL = 0;
				GCC_PREPROCESSOR_DEFINITIONS = (
					"DEBUG=1",
					"$(inherited)",
				);
				GCC_WARN_64_TO_32_BIT_CONVERSION = YES;
				GCC_WARN_ABOUT_RETURN_TYPE = YES_ERROR;
				GCC_WARN_UNDECLARED_SELECTOR = YES;
				GCC_WARN_UNINITIALIZED_AUTOS = YES_AGGRESSIVE;
				GCC_WARN_UNUSED_FUNCTION = YES;
				GCC_WARN_UNUSED_VARIABLE = YES;
				IPHONEOS_DEPLOYMENT_TARGET = 9.2;
				MTL_ENABLE_DEBUG_INFO = YES;
				ONLY_ACTIVE_ARCH = YES;
				SDKROOT = iphoneos;
				SWIFT_OPTIMIZATION_LEVEL = "-Onone";
				TARGETED_DEVICE_FAMILY = "1,2";
			};
			name = Debug;
		};
		19F4319B1EC8AF2E00884C6F /* Release */ = {
			isa = XCBuildConfiguration;
			buildSettings = {
				ALWAYS_SEARCH_USER_PATHS = NO;
				CLANG_CXX_LANGUAGE_STANDARD = "gnu++0x";
				CLANG_CXX_LIBRARY = "libc++";
				CLANG_ENABLE_MODULES = YES;
				CLANG_ENABLE_OBJC_ARC = YES;
				CLANG_WARN_BOOL_CONVERSION = YES;
				CLANG_WARN_CONSTANT_CONVERSION = YES;
				CLANG_WARN_DIRECT_OBJC_ISA_USAGE = YES_ERROR;
				CLANG_WARN_EMPTY_BODY = YES;
				CLANG_WARN_ENUM_CONVERSION = YES;
				CLANG_WARN_INT_CONVERSION = YES;
				CLANG_WARN_OBJC_ROOT_CLASS = YES_ERROR;
				CLANG_WARN_UNREACHABLE_CODE = YES;
				CLANG_WARN__DUPLICATE_METHOD_MATCH = YES;
				"CODE_SIGN_IDENTITY[sdk=iphoneos*]" = "iPhone Developer";
				COPY_PHASE_STRIP = NO;
				DEBUG_INFORMATION_FORMAT = "dwarf-with-dsym";
				ENABLE_NS_ASSERTIONS = NO;
				ENABLE_STRICT_OBJC_MSGSEND = YES;
				GCC_C_LANGUAGE_STANDARD = gnu99;
				GCC_NO_COMMON_BLOCKS = YES;
				GCC_WARN_64_TO_32_BIT_CONVERSION = YES;
				GCC_WARN_ABOUT_RETURN_TYPE = YES_ERROR;
				GCC_WARN_UNDECLARED_SELECTOR = YES;
				GCC_WARN_UNINITIALIZED_AUTOS = YES_AGGRESSIVE;
				GCC_WARN_UNUSED_FUNCTION = YES;
				GCC_WARN_UNUSED_VARIABLE = YES;
				IPHONEOS_DEPLOYMENT_TARGET = 9.2;
				MTL_ENABLE_DEBUG_INFO = NO;
				SDKROOT = iphoneos;
				TARGETED_DEVICE_FAMILY = "1,2";
				VALIDATE_PRODUCT = YES;
			};
			name = Release;
		};
		19F4319D1EC8AF2E00884C6F /* Debug */ = {
			isa = XCBuildConfiguration;
			buildSettings = {
				ASSETCATALOG_COMPILER_APPICON_NAME = AppIcon;
				INFOPLIST_FILE = DoIt/Info.plist;
				LD_RUNPATH_SEARCH_PATHS = "$(inherited) @executable_path/Frameworks";
				PRODUCT_BUNDLE_IDENTIFIER = sanket.basics.DoIt;
				PRODUCT_NAME = "$(TARGET_NAME)";
			};
			name = Debug;
		};
		19F4319E1EC8AF2E00884C6F /* Release */ = {
			isa = XCBuildConfiguration;
			buildSettings = {
				ASSETCATALOG_COMPILER_APPICON_NAME = AppIcon;
				INFOPLIST_FILE = DoIt/Info.plist;
				LD_RUNPATH_SEARCH_PATHS = "$(inherited) @executable_path/Frameworks";
				PRODUCT_BUNDLE_IDENTIFIER = sanket.basics.DoIt;
				PRODUCT_NAME = "$(TARGET_NAME)";
			};
			name = Release;
		};
/* End XCBuildConfiguration section */

/* Begin XCConfigurationList section */
		19F431821EC8AF2A00884C6F /* Build configuration list for PBXProject "DoIt" */ = {
			isa = XCConfigurationList;
			buildConfigurations = (
				19F4319A1EC8AF2E00884C6F /* Debug */,
				19F4319B1EC8AF2E00884C6F /* Release */,
			);
			defaultConfigurationIsVisible = 0;
			defaultConfigurationName = Release;
		};
		19F4319C1EC8AF2E00884C6F /* Build configuration list for PBXNativeTarget "DoIt" */ = {
			isa = XCConfigurationList;
			buildConfigurations = (
				19F4319D1EC8AF2E00884C6F /* Debug */,
				19F4319E1EC8AF2E00884C6F /* Release */,
			);
			defaultConfigurationIsVisible = 0;
		};
/* End XCConfigurationList section */

/* Begin XCVersionGroup section */
		19F431911EC8AF2C00884C6F /* DoIt.xcdatamodeld */ = {
			isa = XCVersionGroup;
			children = (
				19F431921EC8AF2C00884C6F /* DoIt.xcdatamodel */,
			);
			currentVersion = 19F431921EC8AF2C00884C6F /* DoIt.xcdatamodel */;
			path = DoIt.xcdatamodeld;
			sourceTree = "<group>";
			versionGroupType = wrapper.xcdatamodel;
		};
/* End XCVersionGroup section */
	};
	rootObject = 19F4317F1EC8AF2A00884C6F /* Project object */;
}
